Microsoft Visual Studio Solution File, Format Version 11.00
# Visual Studio 2008

Project("{398165C5-3651-579B-29B5-16A5870C4878}") = "RunJamesGouin", "Assembly-CSharp.csproj", "{BE991A3C-F6B2-BBEC-03F6-3A6540421605}"
EndProject
Global
	GlobalSection(SolutionConfigurationPlatforms) = preSolution
		Debug|Any CPU = Debug|Any CPU
		Release|Any CPU = Release|Any CPU
	EndGlobalSection
	GlobalSection(ProjectConfigurationPlatforms) = postSolution
		{BE991A3C-F6B2-BBEC-03F6-3A6540421605}.Debug|Any CPU.ActiveCfg = Debug|Any CPU
		{BE991A3C-F6B2-BBEC-03F6-3A6540421605}.Debug|Any CPU.Build.0 = Debug|Any CPU
		{BE991A3C-F6B2-BBEC-03F6-3A6540421605}.Release|Any CPU.ActiveCfg = Release|Any CPU
		{BE991A3C-F6B2-BBEC-03F6-3A6540421605}.Release|Any CPU.Build.0 = Release|Any CPU
	EndGlobalSection
	GlobalSection(SolutionProperties) = preSolution
		HideSolutionNode = FALSE
	EndGlobalSection
				GlobalSection(MonoDevelopProperties) = preSolution
		StartupItem = Assembly-CSharp.csproj
	EndGlobalSection
EndGlobal
